
Microsoft Visual Studio Solution File, Format Version 12.00
Project("{FAE04EC0-301F-11D3-BF4B-00C04F79EFBC}") = "PustokFrontToBack", "PustokFrontToBack\PustokFrontToBack.csproj", "{B5EBB93F-A29E-4CB2-87FF-20AC49045997}"
EndProject
Global
	GlobalSection(SolutionConfigurationPlatforms) = preSolution
		Debug|Any CPU = Debug|Any CPU
		Release|Any CPU = Release|Any CPU
	EndGlobalSection
	GlobalSection(ProjectConfigurationPlatforms) = postSolution
		{B5EBB93F-A29E-4CB2-87FF-20AC49045997}.Debug|Any CPU.ActiveCfg = Debug|Any CPU
		{B5EBB93F-A29E-4CB2-87FF-20AC49045997}.Debug|Any CPU.Build.0 = Debug|Any CPU
		{B5EBB93F-A29E-4CB2-87FF-20AC49045997}.Release|Any CPU.ActiveCfg = Release|Any CPU
		{B5EBB93F-A29E-4CB2-87FF-20AC49045997}.Release|Any CPU.Build.0 = Release|Any CPU
	EndGlobalSection
EndGlobal
